
Microsoft Visual Studio Solution File, Format Version 12.00
# Visual Studio Version 17
VisualStudioVersion = 17.14.36408.4 d17.14
MinimumVisualStudioVersion = 10.0.40219.1
Project("{FAE04EC0-301F-11D3-BF4B-00C04F79EFBC}") = "Delegates", "Delegates\Delegates.csproj", "{BA7401D7-C042-4A48-928C-F70698126BFD}"
EndProject
Global
	GlobalSection(SolutionConfigurationPlatforms) = preSolution
		Debug|Any CPU = Debug|Any CPU
		Release|Any CPU = Release|Any CPU
	EndGlobalSection
	GlobalSection(ProjectConfigurationPlatforms) = postSolution
		{BA7401D7-C042-4A48-928C-F70698126BFD}.Debug|Any CPU.ActiveCfg = Debug|Any CPU
		{BA7401D7-C042-4A48-928C-F70698126BFD}.Debug|Any CPU.Build.0 = Debug|Any CPU
		{BA7401D7-C042-4A48-928C-F70698126BFD}.Release|Any CPU.ActiveCfg = Release|Any CPU
		{BA7401D7-C042-4A48-928C-F70698126BFD}.Release|Any CPU.Build.0 = Release|Any CPU
	EndGlobalSection
	GlobalSection(SolutionProperties) = preSolution
		HideSolutionNode = FALSE
	EndGlobalSection
	GlobalSection(ExtensibilityGlobals) = postSolution
		SolutionGuid = {8D81FD48-BEAD-4EAC-A67C-66BEA9268AE4}
	EndGlobalSection
EndGlobal
